// !$*UTF8*$!
{
	archiveVersion = 1;
	classes = {
	};
	objectVersion = 56;
	objects = {

/* Begin PBXBuildFile section */
		F3F41414299FAFC00031DD59 /* AppDelegate.swift in Sources */ = {isa = PBXBuildFile; fileRef = F3F41413299FAFC00031DD59 /* AppDelegate.swift */; };
		F3F41416299FAFC00031DD59 /* SceneDelegate.swift in Sources */ = {isa = PBXBuildFile; fileRef = F3F41415299FAFC00031DD59 /* SceneDelegate.swift */; };
		F3F41418299FAFC00031DD59 /* ViewController.swift in Sources */ = {isa = PBXBuildFile; fileRef = F3F41417299FAFC00031DD59 /* ViewController.swift */; };
		F3F4141B299FAFC00031DD59 /* Main.storyboard in Resources */ = {isa = PBXBuildFile; fileRef = F3F41419299FAFC00031DD59 /* Main.storyboard */; };
		F3F4141D299FAFC10031DD59 /* Assets.xcassets in Resources */ = {isa = PBXBuildFile; fileRef = F3F4141C299FAFC10031DD59 /* Assets.xcassets */; };
		F3F41420299FAFC10031DD59 /* LaunchScreen.storyboard in Resources */ = {isa = PBXBuildFile; fileRef = F3F4141E299FAFC10031DD59 /* LaunchScreen.storyboard */; };
		F3F4142C299FCDC40031DD59 /* Question.swift in Sources */ = {isa = PBXBuildFile; fileRef = F3F4142B299FCDC40031DD59 /* Question.swift */; };
/* End PBXBuildFile section */

/* Begin PBXFileReference section */
		F3F41410299FAFC00031DD59 /* lesson7M2My.app */ = {isa = PBXFileReference; explicitFileType = wrapper.application; includeInIndex = 0; path = lesson7M2My.app; sourceTree = BUILT_PRODUCTS_DIR; };
		F3F41413299FAFC00031DD59 /* AppDelegate.swift */ = {isa = PBXFileReference; lastKnownFileType = sourcecode.swift; path = AppDelegate.swift; sourceTree = "<group>"; };
		F3F41415299FAFC00031DD59 /* SceneDelegate.swift */ = {isa = PBXFileReference; lastKnownFileType = sourcecode.swift; path = SceneDelegate.swift; sourceTree = "<group>"; };
		F3F41417299FAFC00031DD59 /* ViewController.swift */ = {isa = PBXFileReference; lastKnownFileType = sourcecode.swift; path = ViewController.swift; sourceTree = "<group>"; };
		F3F4141A299FAFC00031DD59 /* Base */ = {isa = PBXFileReference; lastKnownFileType = file.storyboard; name = Base; path = Base.lproj/Main.storyboard; sourceTree = "<group>"; };
		F3F4141C299FAFC10031DD59 /* Assets.xcassets */ = {isa = PBXFileReference; lastKnownFileType = folder.assetcatalog; path = Assets.xcassets; sourceTree = "<group>"; };
		F3F4141F299FAFC10031DD59 /* Base */ = {isa = PBXFileReference; lastKnownFileType = file.storyboard; name = Base; path = Base.lproj/LaunchScreen.storyboard; sourceTree = "<group>"; };
		F3F41421299FAFC10031DD59 /* Info.plist */ = {isa = PBXFileReference; lastKnownFileType = text.plist.xml; path = Info.plist; sourceTree = "<group>"; };
		F3F4142B299FCDC40031DD59 /* Question.swift */ = {isa = PBXFileReference; lastKnownFileType = sourcecode.swift; path = Question.swift; sourceTree = "<group>"; };
/* End PBXFileReference section */

/* Begin PBXFrameworksBuildPhase section */
		F3F4140D299FAFC00031DD59 /* Frameworks */ = {
			isa = PBXFrameworksBuildPhase;
			buildActionMask = 2147483647;
			files = (
			);
			runOnlyForDeploymentPostprocessing = 0;
		};
/* End PBXFrameworksBuildPhase section */

/* Begin PBXGroup section */
		F3F41407299FAFC00031DD59 = {
			isa = PBXGroup;
			children = (
				F3F41412299FAFC00031DD59 /* lesson7M2My */,
				F3F41411299FAFC00031DD59 /* Products */,
			);
			sourceTree = "<group>";
		};
		F3F41411299FAFC00031DD59 /* Products */ = {
			isa = PBXGroup;
			children = (
				F3F41410299FAFC00031DD59 /* lesson7M2My.app */,
			);
			name = Products;
			sourceTree = "<group>";
		};
		F3F41412299FAFC00031DD59 /* lesson7M2My */ = {
			isa = PBXGroup;
			children = (
				F3F41429299FCBC50031DD59 /* ViewControllers */,
				F3F4142A299FCC130031DD59 /* Models */,
				F3F41428299FCB440031DD59 /* Storyboards */,
				F3F41427299FC8A90031DD59 /* APP */,
				F3F4141C299FAFC10031DD59 /* Assets.xcassets */,
			);
			path = lesson7M2My;
			sourceTree = "<group>";
		};
		F3F41427299FC8A90031DD59 /* APP */ = {
			isa = PBXGroup;
			children = (
				F3F41413299FAFC00031DD59 /* AppDelegate.swift */,
				F3F41415299FAFC00031DD59 /* SceneDelegate.swift */,
				F3F41421299FAFC10031DD59 /* Info.plist */,
			);
			path = APP;
			sourceTree = "<group>";
		};
		F3F41428299FCB440031DD59 /* Storyboards */ = {
			isa = PBXGroup;
			children = (
				F3F41419299FAFC00031DD59 /* Main.storyboard */,
				F3F4141E299FAFC10031DD59 /* LaunchScreen.storyboard */,
			);
			path = Storyboards;
			sourceTree = "<group>";
		};
		F3F41429299FCBC50031DD59 /* ViewControllers */ = {
			isa = PBXGroup;
			children = (
				F3F41417299FAFC00031DD59 /* ViewController.swift */,
			);
			path = ViewControllers;
			sourceTree = "<group>";
		};
		F3F4142A299FCC130031DD59 /* Models */ = {
			isa = PBXGroup;
			children = (
				F3F4142B299FCDC40031DD59 /* Question.swift */,
			);
			path = Models;
			sourceTree = "<group>";
		};
/* End PBXGroup section */

/* Begin PBXNativeTarget section */
		F3F4140F299FAFC00031DD59 /* lesson7M2My */ = {
			isa = PBXNativeTarget;
			buildConfigurationList = F3F41424299FAFC10031DD59 /* Build configuration list for PBXNativeTarget "lesson7M2My" */;
			buildPhases = (
				F3F4140C299FAFC00031DD59 /* Sources */,
				F3F4140D299FAFC00031DD59 /* Frameworks */,
				F3F4140E299FAFC00031DD59 /* Resources */,
			);
			buildRules = (
			);
			dependencies = (
			);
			name = lesson7M2My;
			productName = lesson7M2My;
			productReference = F3F41410299FAFC00031DD59 /* lesson7M2My.app */;
			productType = "com.apple.product-type.application";
		};
/* End PBXNativeTarget section */

/* Begin PBXProject section */
		F3F41408299FAFC00031DD59 /* Project object */ = {
			isa = PBXProject;
			attributes = {
				BuildIndependentTargetsInParallel = 1;
				LastSwiftUpdateCheck = 1420;
				LastUpgradeCheck = 1420;
				TargetAttributes = {
					F3F4140F299FAFC00031DD59 = {
						CreatedOnToolsVersion = 14.2;
					};
				};
			};
			buildConfigurationList = F3F4140B299FAFC00031DD59 /* Build configuration list for PBXProject "lesson7M2My" */;
			compatibilityVersion = "Xcode 14.0";
			developmentRegion = en;
			hasScannedForEncodings = 0;
			knownRegions = (
				en,
				Base,
			);
			mainGroup = F3F41407299FAFC00031DD59;
			productRefGroup = F3F41411299FAFC00031DD59 /* Products */;
			projectDirPath = "";
			projectRoot = "";
			targets = (
				F3F4140F299FAFC00031DD59 /* lesson7M2My */,
			);
		};
/* End PBXProject section */

/* Begin PBXResourcesBuildPhase section */
		F3F4140E299FAFC00031DD59 /* Resources */ = {
			isa = PBXResourcesBuildPhase;
			buildActionMask = 2147483647;
			files = (
				F3F41420299FAFC10031DD59 /* LaunchScreen.storyboard in Resources */,
				F3F4141D299FAFC10031DD59 /* Assets.xcassets in Resources */,
				F3F4141B299FAFC00031DD59 /* Main.storyboard in Resources */,
			);
			runOnlyForDeploymentPostprocessing = 0;
		};
/* End PBXResourcesBuildPhase section */

/* Begin PBXSourcesBuildPhase section */
		F3F4140C299FAFC00031DD59 /* Sources */ = {
			isa = PBXSourcesBuildPhase;
			buildActionMask = 2147483647;
			files = (
				F3F41418299FAFC00031DD59 /* ViewController.swift in Sources */,
				F3F4142C299FCDC40031DD59 /* Question.swift in Sources */,
				F3F41414299FAFC00031DD59 /* AppDelegate.swift in Sources */,
				F3F41416299FAFC00031DD59 /* SceneDelegate.swift in Sources */,
			);
			runOnlyForDeploymentPostprocessing = 0;
		};
/* End PBXSourcesBuildPhase section */

/* Begin PBXVariantGroup section */
		F3F41419299FAFC00031DD59 /* Main.storyboard */ = {
			isa = PBXVariantGroup;
			children = (
				F3F4141A299FAFC00031DD59 /* Base */,
			);
			name = Main.storyboard;
			sourceTree = "<group>";
		};
		F3F4141E299FAFC10031DD59 /* LaunchScreen.storyboard */ = {
			isa = PBXVariantGroup;
			children = (
				F3F4141F299FAFC10031DD59 /* Base */,
			);
			name = LaunchScreen.storyboard;
			sourceTree = "<group>";
		};
/* End PBXVariantGroup section */

/* Begin XCBuildConfiguration section */
		F3F41422299FAFC10031DD59 /* Debug */ = {
			isa = XCBuildConfiguration;
			buildSettings = {
				ALWAYS_SEARCH_USER_PATHS = NO;
				CLANG_ANALYZER_NONNULL = YES;
				CLANG_ANALYZER_NUMBER_OBJECT_CONVERSION = YES_AGGRESSIVE;
				CLANG_CXX_LANGUAGE_STANDARD = "gnu++20";
				CLANG_ENABLE_MODULES = YES;
				CLANG_ENABLE_OBJC_ARC = YES;
				CLANG_ENABLE_OBJC_WEAK = YES;
				CLANG_WARN_BLOCK_CAPTURE_AUTORELEASING = YES;
				CLANG_WARN_BOOL_CONVERSION = YES;
				CLANG_WARN_COMMA = YES;
				CLANG_WARN_CONSTANT_CONVERSION = YES;
				CLANG_WARN_DEPRECATED_OBJC_IMPLEMENTATIONS = YES;
				CLANG_WARN_DIRECT_OBJC_ISA_USAGE = YES_ERROR;
				CLANG_WARN_DOCUMENTATION_COMMENTS = YES;
				CLANG_WARN_EMPTY_BODY = YES;
				CLANG_WARN_ENUM_CONVERSION = YES;
				CLANG_WARN_INFINITE_RECURSION = YES;
				CLANG_WARN_INT_CONVERSION = YES;
				CLANG_WARN_NON_LITERAL_NULL_CONVERSION = YES;
				CLANG_WARN_OBJC_IMPLICIT_RETAIN_SELF = YES;
				CLANG_WARN_OBJC_LITERAL_CONVERSION = YES;
				CLANG_WARN_OBJC_ROOT_CLASS = YES_ERROR;
				CLANG_WARN_QUOTED_INCLUDE_IN_FRAMEWORK_HEADER = YES;
				CLANG_WARN_RANGE_LOOP_ANALYSIS = YES;
				CLANG_WARN_STRICT_PROTOTYPES = YES;
				CLANG_WARN_SUSPICIOUS_MOVE = YES;
				CLANG_WARN_UNGUARDED_AVAILABILITY = YES_AGGRESSIVE;
				CLANG_WARN_UNREACHABLE_CODE = YES;
				CLANG_WARN__DUPLICATE_METHOD_MATCH = YES;
				COPY_PHASE_STRIP = NO;
				DEBUG_INFORMATION_FORMAT = dwarf;
				ENABLE_STRICT_OBJC_MSGSEND = YES;
				ENABLE_TESTABILITY = YES;
				GCC_C_LANGUAGE_STANDARD = gnu11;
				GCC_DYNAMIC_NO_PIC = NO;
				GCC_NO_COMMON_BLOCKS = YES;
				GCC_OPTIMIZATION_LEVEL = 0;
				GCC_PREPROCESSOR_DEFINITIONS = (
					"DEBUG=1",
					"$(inherited)",
				);
				GCC_WARN_64_TO_32_BIT_CONVERSION = YES;
				GCC_WARN_ABOUT_RETURN_TYPE = YES_ERROR;
				GCC_WARN_UNDECLARED_SELECTOR = YES;
				GCC_WARN_UNINITIALIZED_AUTOS = YES_AGGRESSIVE;
				GCC_WARN_UNUSED_FUNCTION = YES;
				GCC_WARN_UNUSED_VARIABLE = YES;
				IPHONEOS_DEPLOYMENT_TARGET = 16.2;
				MTL_ENABLE_DEBUG_INFO = INCLUDE_SOURCE;
				MTL_FAST_MATH = YES;
				ONLY_ACTIVE_ARCH = YES;
				SDKROOT = iphoneos;
				SWIFT_ACTIVE_COMPILATION_CONDITIONS = DEBUG;
				SWIFT_OPTIMIZATION_LEVEL = "-Onone";
			};
			name = Debug;
		};
		F3F41423299FAFC10031DD59 /* Release */ = {
			isa = XCBuildConfiguration;
			buildSettings = {
				ALWAYS_SEARCH_USER_PATHS = NO;
				CLANG_ANALYZER_NONNULL = YES;
				CLANG_ANALYZER_NUMBER_OBJECT_CONVERSION = YES_AGGRESSIVE;
				CLANG_CXX_LANGUAGE_STANDARD = "gnu++20";
				CLANG_ENABLE_MODULES = YES;
				CLANG_ENABLE_OBJC_ARC = YES;
				CLANG_ENABLE_OBJC_WEAK = YES;
				CLANG_WARN_BLOCK_CAPTURE_AUTORELEASING = YES;
				CLANG_WARN_BOOL_CONVERSION = YES;
				CLANG_WARN_COMMA = YES;
				CLANG_WARN_CONSTANT_CONVERSION = YES;
				CLANG_WARN_DEPRECATED_OBJC_IMPLEMENTATIONS = YES;
				CLANG_WARN_DIRECT_OBJC_ISA_USAGE = YES_ERROR;
				CLANG_WARN_DOCUMENTATION_COMMENTS = YES;
				CLANG_WARN_EMPTY_BODY = YES;
				CLANG_WARN_ENUM_CONVERSION = YES;
				CLANG_WARN_INFINITE_RECURSION = YES;
				CLANG_WARN_INT_CONVERSION = YES;
				CLANG_WARN_NON_LITERAL_NULL_CONVERSION = YES;
				CLANG_WARN_OBJC_IMPLICIT_RETAIN_SELF = YES;
				CLANG_WARN_OBJC_LITERAL_CONVERSION = YES;
				CLANG_WARN_OBJC_ROOT_CLASS = YES_ERROR;
				CLANG_WARN_QUOTED_INCLUDE_IN_FRAMEWORK_HEADER = YES;
				CLANG_WARN_RANGE_LOOP_ANALYSIS = YES;
				CLANG_WARN_STRICT_PROTOTYPES = YES;
				CLANG_WARN_SUSPICIOUS_MOVE = YES;
				CLANG_WARN_UNGUARDED_AVAILABILITY = YES_AGGRESSIVE;
				CLANG_WARN_UNREACHABLE_CODE = YES;
				CLANG_WARN__DUPLICATE_METHOD_MATCH = YES;
				COPY_PHASE_STRIP = NO;
				DEBUG_INFORMATION_FORMAT = "dwarf-with-dsym";
				ENABLE_NS_ASSERTIONS = NO;
				ENABLE_STRICT_OBJC_MSGSEND = YES;
				GCC_C_LANGUAGE_STANDARD = gnu11;
				GCC_NO_COMMON_BLOCKS = YES;
				GCC_WARN_64_TO_32_BIT_CONVERSION = YES;
				GCC_WARN_ABOUT_RETURN_TYPE = YES_ERROR;
				GCC_WARN_UNDECLARED_SELECTOR = YES;
				GCC_WARN_UNINITIALIZED_AUTOS = YES_AGGRESSIVE;
				GCC_WARN_UNUSED_FUNCTION = YES;
				GCC_WARN_UNUSED_VARIABLE = YES;
				IPHONEOS_DEPLOYMENT_TARGET = 16.2;
				MTL_ENABLE_DEBUG_INFO = NO;
				MTL_FAST_MATH = YES;
				SDKROOT = iphoneos;
				SWIFT_COMPILATION_MODE = wholemodule;
				SWIFT_OPTIMIZATION_LEVEL = "-O";
				VALIDATE_PRODUCT = YES;
			};
			name = Release;
		};
		F3F41425299FAFC10031DD59 /* Debug */ = {
			isa = XCBuildConfiguration;
			buildSettings = {
				ASSETCATALOG_COMPILER_APPICON_NAME = AppIcon;
				ASSETCATALOG_COMPILER_GLOBAL_ACCENT_COLOR_NAME = AccentColor;
				CODE_SIGN_STYLE = Automatic;
				CURRENT_PROJECT_VERSION = 1;
				DEVELOPMENT_TEAM = 65962HBPL6;
				GENERATE_INFOPLIST_FILE = YES;
				INFOPLIST_FILE = lesson7M2My/APP/Info.plist;
				INFOPLIST_KEY_UIApplicationSupportsIndirectInputEvents = YES;
				INFOPLIST_KEY_UILaunchStoryboardName = LaunchScreen.storyboard;
				INFOPLIST_KEY_UIMainStoryboardFile = Main;
				INFOPLIST_KEY_UISupportedInterfaceOrientations = UIInterfaceOrientationPortrait;
				INFOPLIST_KEY_UISupportedInterfaceOrientations_iPad = "UIInterfaceOrientationLandscapeLeft UIInterfaceOrientationLandscapeRight UIInterfaceOrientationPortrait UIInterfaceOrientationPortraitUpsideDown";
				LD_RUNPATH_SEARCH_PATHS = (
					"$(inherited)",
					"@executable_path/Frameworks",
				);
				MARKETING_VERSION = 1.0;
				PRODUCT_BUNDLE_IDENTIFIER = PetrovaEV.lesson7M2My;
				PRODUCT_NAME = "$(TARGET_NAME)";
				SUPPORTED_PLATFORMS = "iphoneos iphonesimulator";
				SUPPORTS_MACCATALYST = NO;
				SUPPORTS_MAC_DESIGNED_FOR_IPHONE_IPAD = NO;
				SWIFT_EMIT_LOC_STRINGS = YES;
				SWIFT_VERSION = 5.0;
				TARGETED_DEVICE_FAMILY = 1;
			};
			name = Debug;
		};
		F3F41426299FAFC10031DD59 /* Release */ = {
			isa = XCBuildConfiguration;
			buildSettings = {
				ASSETCATALOG_COMPILER_APPICON_NAME = AppIcon;
				ASSETCATALOG_COMPILER_GLOBAL_ACCENT_COLOR_NAME = AccentColor;
				CODE_SIGN_STYLE = Automatic;
				CURRENT_PROJECT_VERSION = 1;
				DEVELOPMENT_TEAM = 65962HBPL6;
				GENERATE_INFOPLIST_FILE = YES;
				INFOPLIST_FILE = lesson7M2My/APP/Info.plist;
				INFOPLIST_KEY_UIApplicationSupportsIndirectInputEvents = YES;
				INFOPLIST_KEY_UILaunchStoryboardName = LaunchScreen.storyboard;
				INFOPLIST_KEY_UIMainStoryboardFile = Main;
				INFOPLIST_KEY_UISupportedInterfaceOrientations = UIInterfaceOrientationPortrait;
				INFOPLIST_KEY_UISupportedInterfaceOrientations_iPad = "UIInterfaceOrientationLandscapeLeft UIInterfaceOrientationLandscapeRight UIInterfaceOrientationPortrait UIInterfaceOrientationPortraitUpsideDown";
				LD_RUNPATH_SEARCH_PATHS = (
					"$(inherited)",
					"@executable_path/Frameworks",
				);
				MARKETING_VERSION = 1.0;
				PRODUCT_BUNDLE_IDENTIFIER = PetrovaEV.lesson7M2My;
				PRODUCT_NAME = "$(TARGET_NAME)";
				SUPPORTED_PLATFORMS = "iphoneos iphonesimulator";
				SUPPORTS_MACCATALYST = NO;
				SUPPORTS_MAC_DESIGNED_FOR_IPHONE_IPAD = NO;
				SWIFT_EMIT_LOC_STRINGS = YES;
				SWIFT_VERSION = 5.0;
				TARGETED_DEVICE_FAMILY = 1;
			};
			name = Release;
		};
/* End XCBuildConfiguration section */

/* Begin XCConfigurationList section */
		F3F4140B299FAFC00031DD59 /* Build configuration list for PBXProject "lesson7M2My" */ = {
			isa = XCConfigurationList;
			buildConfigurations = (
				F3F41422299FAFC10031DD59 /* Debug */,
				F3F41423299FAFC10031DD59 /* Release */,
			);
			defaultConfigurationIsVisible = 0;
			defaultConfigurationName = Release;
		};
		F3F41424299FAFC10031DD59 /* Build configuration list for PBXNativeTarget "lesson7M2My" */ = {
			isa = XCConfigurationList;
			buildConfigurations = (
				F3F41425299FAFC10031DD59 /* Debug */,
				F3F41426299FAFC10031DD59 /* Release */,
			);
			defaultConfigurationIsVisible = 0;
			defaultConfigurationName = Release;
		};
/* End XCConfigurationList section */
	};
	rootObject = F3F41408299FAFC00031DD59 /* Project object */;
}
